# Danger! Multiple jars contain identically named classes. This may cause different behaviour depending on classpath ordering.
# Run ./gradlew checkClassUniqueness --fix to update this file

## runtimeClasspath
[com.sun.istack:istack-commons-runtime, com.sun.xml.bind:jaxb-core]
  - com.sun.istack.Builder
  - com.sun.istack.ByteArrayDataSource
  - com.sun.istack.FinalArrayList
  - com.sun.istack.FragmentContentHandler
  - com.sun.istack.Interned
  - com.sun.istack.NotNull
  - com.sun.istack.Nullable
  - com.sun.istack.Pool
  - com.sun.istack.Pool$Impl
  - com.sun.istack.SAXException2
  - com.sun.istack.SAXParseException2
  - com.sun.istack.XMLStreamException2
  - com.sun.istack.XMLStreamReaderToContentHandler
  - com.sun.istack.XMLStreamReaderToContentHandler$1
  - com.sun.istack.localization.Localizable
  - com.sun.istack.localization.LocalizableMessage
  - com.sun.istack.localization.LocalizableMessageFactory
  - com.sun.istack.localization.LocalizableMessageFactory$ResourceBundleSupplier
  - com.sun.istack.localization.Localizer
  - com.sun.istack.localization.NullLocalizable
  - com.sun.istack.logging.Logger
[com.sun.xml.bind:jaxb-core, com.sun.xml.bind:jaxb-impl]
  - com.sun.xml.bind.Messages
  - com.sun.xml.bind.Util
  - com.sun.xml.bind.WhiteSpaceProcessor
  - com.sun.xml.bind.api.impl.NameConverter
  - com.sun.xml.bind.api.impl.NameConverter$1
  - com.sun.xml.bind.api.impl.NameConverter$2
  - com.sun.xml.bind.api.impl.NameConverter$Standard
  - com.sun.xml.bind.api.impl.NameUtil
  - com.sun.xml.bind.marshaller.DataWriter
  - com.sun.xml.bind.marshaller.DumbEscapeHandler
  - com.sun.xml.bind.marshaller.Messages
  - com.sun.xml.bind.marshaller.MinimumEscapeHandler
  - com.sun.xml.bind.marshaller.NoEscapeHandler
  - com.sun.xml.bind.marshaller.SAX2DOMEx
  - com.sun.xml.bind.marshaller.XMLWriter
  - com.sun.xml.bind.unmarshaller.DOMScanner
  - com.sun.xml.bind.util.SecureLoader
  - com.sun.xml.bind.util.SecureLoader$1
  - com.sun.xml.bind.util.SecureLoader$2
  - com.sun.xml.bind.util.SecureLoader$3
  - com.sun.xml.bind.util.Which
  - com.sun.xml.bind.v2.ClassFactory
  - com.sun.xml.bind.v2.ClassFactory$1
  - com.sun.xml.bind.v2.ClassFactory$2
  - com.sun.xml.bind.v2.Messages
  - com.sun.xml.bind.v2.TODO
  - com.sun.xml.bind.v2.WellKnownNamespace
  - com.sun.xml.bind.v2.model.core.Adapter
  - com.sun.xml.bind.v2.model.core.ID
  - com.sun.xml.bind.v2.model.core.NonElement
  - com.sun.xml.bind.v2.model.core.PropertyKind
  - com.sun.xml.bind.v2.model.core.Ref
  - com.sun.xml.bind.v2.model.core.WildcardMode
  - com.sun.xml.bind.v2.model.nav.GenericArrayTypeImpl
  - com.sun.xml.bind.v2.model.nav.ParameterizedTypeImpl
  - com.sun.xml.bind.v2.model.nav.ReflectionNavigator
  - com.sun.xml.bind.v2.model.nav.ReflectionNavigator$1
  - com.sun.xml.bind.v2.model.nav.ReflectionNavigator$10
  - com.sun.xml.bind.v2.model.nav.ReflectionNavigator$2
  - com.sun.xml.bind.v2.model.nav.ReflectionNavigator$3
  - com.sun.xml.bind.v2.model.nav.ReflectionNavigator$4
  - com.sun.xml.bind.v2.model.nav.ReflectionNavigator$5
  - com.sun.xml.bind.v2.model.nav.ReflectionNavigator$6
  - com.sun.xml.bind.v2.model.nav.ReflectionNavigator$7
  - com.sun.xml.bind.v2.model.nav.ReflectionNavigator$8
  - com.sun.xml.bind.v2.model.nav.ReflectionNavigator$9
  - com.sun.xml.bind.v2.model.nav.ReflectionNavigator$BinderArg
  - com.sun.xml.bind.v2.model.nav.SecureLoader
  - com.sun.xml.bind.v2.model.nav.SecureLoader$1
  - com.sun.xml.bind.v2.model.nav.SecureLoader$2
  - com.sun.xml.bind.v2.model.nav.SecureLoader$3
  - com.sun.xml.bind.v2.model.nav.TypeVisitor
  - com.sun.xml.bind.v2.model.nav.WildcardTypeImpl
  - com.sun.xml.bind.v2.model.util.ArrayInfoUtil
  - com.sun.xml.bind.v2.runtime.IllegalAnnotationException
  - com.sun.xml.bind.v2.runtime.RuntimeUtil
  - com.sun.xml.bind.v2.runtime.RuntimeUtil$ToStringAdapter
  - com.sun.xml.bind.v2.runtime.SwaRefAdapterMarker
  - com.sun.xml.bind.v2.runtime.unmarshaller.LocatorEx$Snapshot
  - com.sun.xml.bind.v2.util.EditDistance
  - com.sun.xml.bind.v2.util.FlattenIterator
  - com.sun.xml.bind.v2.util.XmlFactory
  - com.sun.xml.bind.v2.util.XmlFactory$1
[com.sun.xml.bind:jaxb-core, org.glassfish.jaxb:txw2]
  - com.sun.xml.txw2.Attribute
  - com.sun.xml.txw2.Cdata
  - com.sun.xml.txw2.Comment
  - com.sun.xml.txw2.ContainerElement
  - com.sun.xml.txw2.Content
  - com.sun.xml.txw2.ContentVisitor
  - com.sun.xml.txw2.DatatypeWriter
  - com.sun.xml.txw2.DatatypeWriter$1
  - com.sun.xml.txw2.DatatypeWriter$1$1
  - com.sun.xml.txw2.DatatypeWriter$1$2
  - com.sun.xml.txw2.DatatypeWriter$1$3
  - com.sun.xml.txw2.DatatypeWriter$1$4
  - com.sun.xml.txw2.DatatypeWriter$1$5
  - com.sun.xml.txw2.Document
  - com.sun.xml.txw2.Document$1
  - com.sun.xml.txw2.EndDocument
  - com.sun.xml.txw2.EndTag
  - com.sun.xml.txw2.IllegalAnnotationException
  - com.sun.xml.txw2.IllegalSignatureException
  - com.sun.xml.txw2.NamespaceDecl
  - com.sun.xml.txw2.NamespaceResolver
  - com.sun.xml.txw2.NamespaceSupport
  - com.sun.xml.txw2.NamespaceSupport$Context
  - com.sun.xml.txw2.Pcdata
  - com.sun.xml.txw2.StartDocument
  - com.sun.xml.txw2.StartTag
  - com.sun.xml.txw2.TXW
  - com.sun.xml.txw2.Text
  - com.sun.xml.txw2.TxwException
  - com.sun.xml.txw2.TypedXmlWriter
  - com.sun.xml.txw2.annotation.XmlAttribute
  - com.sun.xml.txw2.annotation.XmlCDATA
  - com.sun.xml.txw2.annotation.XmlElement
  - com.sun.xml.txw2.annotation.XmlNamespace
  - com.sun.xml.txw2.annotation.XmlValue
  - com.sun.xml.txw2.output.CharacterEscapeHandler
  - com.sun.xml.txw2.output.DataWriter
  - com.sun.xml.txw2.output.DelegatingXMLStreamWriter
  - com.sun.xml.txw2.output.Dom2SaxAdapter
  - com.sun.xml.txw2.output.DomSerializer
  - com.sun.xml.txw2.output.DumbEscapeHandler
  - com.sun.xml.txw2.output.DumpSerializer
  - com.sun.xml.txw2.output.IndentingXMLFilter
  - com.sun.xml.txw2.output.IndentingXMLStreamWriter
  - com.sun.xml.txw2.output.ResultFactory
  - com.sun.xml.txw2.output.SaxSerializer
  - com.sun.xml.txw2.output.StaxSerializer
  - com.sun.xml.txw2.output.StreamSerializer
  - com.sun.xml.txw2.output.StreamSerializer$1
  - com.sun.xml.txw2.output.TXWResult
  - com.sun.xml.txw2.output.TXWSerializer
  - com.sun.xml.txw2.output.XMLWriter
  - com.sun.xml.txw2.output.XmlSerializer
