# Run ./gradlew --write-locks to regenerate this file
com.googlecode.javaewah:JavaEWAH:1.1.12 (1 constraints: 750eee5e)
com.jcraft:jsch.agentproxy.connector-factory:0.0.7 (1 constraints: 920c0b02)
com.jcraft:jsch.agentproxy.core:0.0.7 (6 constraints: 64657639)
com.jcraft:jsch.agentproxy.pageant:0.0.7 (1 constraints: 05135c25)
com.jcraft:jsch.agentproxy.sshagent:0.0.7 (1 constraints: 05135c25)
com.jcraft:jsch.agentproxy.svnkit-trilead-ssh2:0.0.7 (1 constraints: 920c0b02)
com.jcraft:jsch.agentproxy.usocket-jna:0.0.7 (1 constraints: 05135c25)
com.jcraft:jsch.agentproxy.usocket-nc:0.0.7 (1 constraints: 05135c25)
com.jcraft:jzlib:1.1.2 (1 constraints: df085992)
com.netflix.nebula:gradle-contacts-plugin:7.0.0 (2 constraints: 6222f9e1)
com.netflix.nebula:gradle-info-plugin:12.0.0 (2 constraints: da17f670)
com.netflix.nebula:nebula-gradle-interop:2.0.0 (2 constraints: 5822c3e0)
com.netflix.nebula:nebula-publishing-plugin:19.2.0 (1 constraints: 3e055a3b)
com.perforce:p4java:2015.2.1365273 (1 constraints: b7117b2f)
com.trilead:trilead-ssh2:1.0.0-build220 (2 constraints: a0256277)
de.regnis.q.sequence:sequence-library:1.0.3 (1 constraints: 8f0c0c02)
io.github.gradle-nexus:publish-plugin:1.1.0 (1 constraints: 0405f335)
net.java.dev.jna:jna:5.7.0 (4 constraints: 8f3892b9)
net.java.dev.jna:jna-platform:5.7.0 (2 constraints: 7d1ce6d6)
net.java.dev.jna:platform:3.4.0 (2 constraints: 6d1f8bd1)
org.antlr:antlr-runtime:3.4 (1 constraints: 1c0cc8e7)
org.eclipse.jgit:org.eclipse.jgit:5.13.0.202109080827-r (1 constraints: 4f13b9b0)
org.jetbrains:annotations:13.0 (1 constraints: df0e795c)
org.jetbrains.kotlin:kotlin-stdlib:1.4.21 (2 constraints: bc215ae0)
org.jetbrains.kotlin:kotlin-stdlib-common:1.4.21 (1 constraints: 410fc57a)
org.jetbrains.kotlin:kotlin-stdlib-jdk7:1.4.21 (1 constraints: df10eed2)
org.jetbrains.kotlin:kotlin-stdlib-jdk8:1.4.21 (1 constraints: 57113ae1)
org.slf4j:slf4j-api:1.7.30 (1 constraints: 7b0e085f)
org.tmatesoft.sqljet:sqljet:1.1.10 (1 constraints: be0ccb0e)
org.tmatesoft.svnkit:svnkit:1.8.12 (1 constraints: 1e1067a7)

[Test dependencies]
cglib:cglib-nodep:3.2.2 (1 constraints: 490ded24)
com.google.code.findbugs:jsr305:3.0.2 (2 constraints: 1d0fb186)
com.google.errorprone:error_prone_annotations:2.11.0 (2 constraints: 7b0f13a1)
com.google.guava:failureaccess:1.0.1 (1 constraints: 140ae1b4)
com.google.guava:guava:31.1-jre (1 constraints: 47069c47)
com.google.guava:listenablefuture:9999.0-empty-to-avoid-conflict-with-guava (1 constraints: bd17c918)
com.google.j2objc:j2objc-annotations:1.3 (1 constraints: b809eda0)
com.netflix.nebula:nebula-test:10.0.0 (1 constraints: 3305273b)
junit:junit:4.13 (1 constraints: bb0d1930)
org.apache.commons:commons-compress:1.20 (1 constraints: f60aeac8)
org.apiguardian:apiguardian-api:1.1.0 (2 constraints: 51238736)
org.checkerframework:checker-qual:3.29.0 (2 constraints: 870f7ea2)
org.codehaus.groovy:groovy:3.0.6 (2 constraints: 1e1b476d)
org.hamcrest:hamcrest:2.2 (1 constraints: d20cdc04)
org.hamcrest:hamcrest-core:1.3 (1 constraints: cc05fe3f)
org.junit.platform:junit-platform-commons:1.7.0 (1 constraints: 6c119ad9)
org.junit.platform:junit-platform-engine:1.7.0 (1 constraints: 340d161f)
org.objenesis:objenesis:2.4 (1 constraints: ea0c8c0a)
org.opentest4j:opentest4j:1.2.0 (1 constraints: 67118bd9)
org.rauschig:jarchivelib:1.1.0 (1 constraints: 0405f335)
org.spockframework:spock-core:2.0-M4-groovy-3.0 (2 constraints: e822d65a)
org.spockframework:spock-junit4:2.0-M4-groovy-3.0 (1 constraints: 25115ddf)
