# Run ./gradlew --write-locks to regenerate this file
com.github.ben-manes.caffeine:caffeine:3.0.5 (1 constraints: e312a21b)
com.github.kevinstern:software-and-algorithms:1.0 (1 constraints: 7e12fcf5)
com.google.auto:auto-common:1.2.1 (1 constraints: f1101fb8)
com.google.auto.service:auto-service-annotations:1.0.1 (1 constraints: ef1019b8)
com.google.auto.value:auto-value-annotations:1.9 (2 constraints: 1f2344ce)
com.google.code.findbugs:jsr305:3.0.2 (4 constraints: ed328c19)
com.google.errorprone:error_prone_annotation:2.13.1 (2 constraints: 35246d8b)
com.google.errorprone:error_prone_annotations:2.13.1 (5 constraints: d74327d0)
com.google.errorprone:error_prone_check_api:2.13.1 (1 constraints: 24114cc9)
com.google.errorprone:error_prone_core:2.13.1 (2 constraints: 1220651d)
com.google.errorprone:error_prone_type_annotations:2.13.1 (1 constraints: 24114cc9)
com.google.guava:failureaccess:1.0.1 (1 constraints: 140ae1b4)
com.google.guava:guava:31.1-jre (4 constraints: ab3bac0c)
com.google.guava:listenablefuture:9999.0-empty-to-avoid-conflict-with-guava (1 constraints: bd17c918)
com.google.j2objc:j2objc-annotations:1.3 (1 constraints: b809eda0)
com.google.protobuf:protobuf-java:3.19.2 (1 constraints: 2c1165c9)
com.googlecode.javaewah:JavaEWAH:1.1.12 (1 constraints: 750eee5e)
com.jcraft:jsch.agentproxy.connector-factory:0.0.7 (1 constraints: 920c0b02)
com.jcraft:jsch.agentproxy.core:0.0.7 (6 constraints: 64657639)
com.jcraft:jsch.agentproxy.pageant:0.0.7 (1 constraints: 05135c25)
com.jcraft:jsch.agentproxy.sshagent:0.0.7 (1 constraints: 05135c25)
com.jcraft:jsch.agentproxy.svnkit-trilead-ssh2:0.0.7 (1 constraints: 920c0b02)
com.jcraft:jsch.agentproxy.usocket-jna:0.0.7 (1 constraints: 05135c25)
com.jcraft:jsch.agentproxy.usocket-nc:0.0.7 (1 constraints: 05135c25)
com.jcraft:jzlib:1.1.2 (1 constraints: df085992)
com.netflix.nebula:gradle-contacts-plugin:6.0.0 (2 constraints: 6022bbe1)
com.netflix.nebula:gradle-info-plugin:11.3.3 (2 constraints: e1170a72)
com.netflix.nebula:nebula-gradle-interop:2.0.0 (2 constraints: 5822c3e0)
com.netflix.nebula:nebula-publishing-plugin:18.4.0 (1 constraints: 3f055b3b)
com.palantir.baseline:baseline-error-prone:4.132.0 (1 constraints: 6c05b640)
com.perforce:p4java:2015.2.1365273 (1 constraints: b7117b2f)
com.trilead:trilead-ssh2:1.0.0-build220 (2 constraints: a0256277)
de.regnis.q.sequence:sequence-library:1.0.3 (1 constraints: 8f0c0c02)
io.github.gradle-nexus:publish-plugin:1.1.0 (1 constraints: 0405f335)
io.github.java-diff-utils:java-diff-utils:4.0 (1 constraints: 811205f6)
net.bytebuddy:byte-buddy:1.12.9 (2 constraints: db1849db)
net.bytebuddy:byte-buddy-agent:1.12.9 (1 constraints: 470b41de)
net.java.dev.jna:jna:5.7.0 (4 constraints: 8f3892b9)
net.java.dev.jna:jna-platform:5.7.0 (2 constraints: 7d1ce6d6)
net.java.dev.jna:platform:3.4.0 (2 constraints: 6d1f8bd1)
org.antlr:antlr-runtime:3.4 (1 constraints: 1c0cc8e7)
org.checkerframework:checker-qual:3.22.0 (3 constraints: b21f2d52)
org.checkerframework:dataflow-errorprone:3.22.0 (3 constraints: 6136b0f1)
org.eclipse.jgit:org.eclipse.jgit:5.13.0.202109080827-r (2 constraints: 9d277086)
org.jetbrains:annotations:19.0.0 (2 constraints: 441cf8cc)
org.jetbrains.kotlin:kotlin-stdlib:1.4.21 (2 constraints: bc215ae0)
org.jetbrains.kotlin:kotlin-stdlib-common:1.4.21 (1 constraints: 410fc57a)
org.jetbrains.kotlin:kotlin-stdlib-jdk7:1.4.21 (1 constraints: df10eed2)
org.jetbrains.kotlin:kotlin-stdlib-jdk8:1.4.21 (1 constraints: 57113ae1)
org.mockito:mockito-core:4.5.1 (1 constraints: b90d452d)
org.mockito:mockito-errorprone:4.5.1 (1 constraints: 00120ff9)
org.objenesis:objenesis:3.2 (3 constraints: 6b2483ae)
org.pcollections:pcollections:3.1.4 (1 constraints: f51029b8)
org.slf4j:slf4j-api:1.7.30 (1 constraints: 7b0e085f)
org.tmatesoft.sqljet:sqljet:1.1.10 (1 constraints: be0ccb0e)
org.tmatesoft.svnkit:svnkit:1.8.12 (1 constraints: 1e1067a7)

[Test dependencies]
cglib:cglib-nodep:3.3.0 (2 constraints: 7a1acf3c)
com.netflix.nebula:nebula-test:10.0.0 (1 constraints: 3305273b)
junit:junit:4.13 (1 constraints: bb0d1930)
org.apache.commons:commons-compress:1.20 (1 constraints: f60aeac8)
org.apiguardian:apiguardian-api:1.1.0 (4 constraints: 8947aca8)
org.assertj:assertj-core:3.16.1 (1 constraints: 3112dd01)
org.codehaus.groovy:groovy:3.0.6 (2 constraints: 1e1b476d)
org.hamcrest:hamcrest:2.2 (1 constraints: d20cdc04)
org.hamcrest:hamcrest-core:1.3 (1 constraints: cc05fe3f)
org.junit:junit-bom:5.7.0 (6 constraints: d462e1fb)
org.junit.platform:junit-platform-commons:1.7.0 (2 constraints: 7a1ae92a)
org.junit.platform:junit-platform-engine:1.7.0 (2 constraints: 561bbe65)
org.junit.platform:junit-platform-launcher:1.7.0 (2 constraints: 0c1bf449)
org.junit.platform:junit-platform-testkit:1.7.0 (1 constraints: 0f097495)
org.opentest4j:opentest4j:1.2.0 (2 constraints: 5f234a2f)
org.ow2.asm:asm:9.0 (1 constraints: d70cef04)
org.rauschig:jarchivelib:1.1.0 (1 constraints: 0405f335)
org.spockframework:spock-core:2.0-M4-groovy-3.0 (2 constraints: e822d65a)
org.spockframework:spock-junit4:2.0-M4-groovy-3.0 (1 constraints: 25115ddf)
