# Run ./gradlew writeVersionsLocks to regenerate this file
com.fasterxml.jackson.core:jackson-annotations:2.18.2 (2 constraints: ff27803b)
com.fasterxml.jackson.core:jackson-core:2.18.2 (1 constraints: 8d124621)
com.fasterxml.jackson.core:jackson-databind:2.18.2 (5 constraints: 84590a92)
com.fasterxml.jackson.module:jackson-module-kotlin:2.14.2 (3 constraints: a93f9c96)
com.google.code.findbugs:jsr305:3.0.2 (2 constraints: 1d0fb186)
com.google.code.gson:gson:2.10.1 (1 constraints: de1a3b54)
com.google.errorprone:error_prone_annotations:2.28.0 (2 constraints: 830f2ca1)
com.google.guava:failureaccess:1.0.2 (1 constraints: 150ae2b4)
com.google.guava:guava:33.3.1-jre (3 constraints: c83a2e6e)
com.google.guava:listenablefuture:9999.0-empty-to-avoid-conflict-with-guava (1 constraints: bd17c918)
com.google.j2objc:j2objc-annotations:3.0.0 (1 constraints: 150aeab4)
com.googlecode.plist:dd-plist:1.28 (1 constraints: 5316b0df)
com.jcraft:jzlib:1.1.2 (1 constraints: df085992)
com.netflix.nebula:gradle-contacts-plugin:7.0.1 (2 constraints: 64222fe2)
com.netflix.nebula:gradle-info-plugin:13.3.0 (2 constraints: e317df71)
com.netflix.nebula:nebula-gradle-interop:2.2.0 (2 constraints: 5c2235e1)
com.netflix.nebula:nebula-publishing-plugin:21.1.0 (1 constraints: 3605353b)
com.palantir.gradle.utils:environment-variables:0.7.0 (1 constraints: 09050036)
com.perforce:p4java:2015.2.1365273 (1 constraints: b7117b2f)
com.squareup.okhttp3:okhttp:4.4.1 (2 constraints: 82244090)
com.squareup.okio:okio:2.4.3 (1 constraints: 530c30fd)
com.squareup.retrofit2:converter-jackson:2.9.0 (1 constraints: 5116f4e3)
com.squareup.retrofit2:converter-jaxb:2.9.0 (1 constraints: 5116f4e3)
com.squareup.retrofit2:retrofit:2.10.0 (4 constraints: ad4e7963)
com.sun.istack:istack-commons-runtime:3.0.7 (1 constraints: bf0db535)
com.sun.xml.bind:jaxb-core:2.3.0 (1 constraints: 4b16e2e3)
com.sun.xml.bind:jaxb-impl:2.3.2 (1 constraints: 4d16e4e3)
com.sun.xml.fastinfoset:FastInfoset:1.2.15 (1 constraints: ee0d9943)
commons-io:commons-io:2.15.1 (2 constraints: 5223453a)
gradle.plugin.org.jetbrains.gradle.plugin.idea-ext:gradle-idea-ext:1.1.8 (1 constraints: 801624f6)
io.github.gradle-nexus:publish-plugin:2.0.0 (1 constraints: 0405f535)
javax.activation:javax.activation-api:1.2.0 (2 constraints: fc17908f)
javax.xml.bind:jaxb-api:2.4.0-b180830.0359 (4 constraints: 6c4c2972)
net.java.dev.jna:jna:5.15.0 (1 constraints: c30c2018)
net.java.dev.jna:jna-platform:5.15.0 (1 constraints: 1d1070a7)
org.apache.commons:commons-compress:1.26.0 (2 constraints: aa1e9096)
org.apache.commons:commons-lang3:3.14.0 (1 constraints: a10f8587)
org.atteo:evo-inflector:1.3 (1 constraints: 2213691c)
org.checkerframework:checker-qual:3.48.2 (2 constraints: 8e0ff4a2)
org.glassfish.jaxb:jaxb-runtime:2.3.1 (1 constraints: 42155c9f)
org.glassfish.jaxb:txw2:2.3.1 (1 constraints: bb0db335)
org.jdom:jdom2:2.0.6.1 (1 constraints: a3156dca)
org.jetbrains:annotations:24.1.0 (3 constraints: 3d397993)
org.jetbrains.intellij:blockmap:1.0.5 (1 constraints: 4c16d9e3)
org.jetbrains.intellij:plugin-repository-rest-client:2.0.39 (1 constraints: b416e40c)
org.jetbrains.intellij.plugins:gradle-intellij-plugin:1.17.3 (1 constraints: 3e05413b)
org.jetbrains.intellij.plugins:structure-base:3.269 (2 constraints: dd2b90b1)
org.jetbrains.intellij.plugins:structure-intellij:3.269 (1 constraints: 8c1642f6)
org.jetbrains.kotlin:kotlin-stdlib:2.0.20 (5 constraints: 6d55d1e6)
org.jetbrains.kotlin:kotlin-stdlib-common:1.9.22 (3 constraints: 9737664b)
org.jetbrains.kotlinx:kotlinx-serialization-core-jvm:1.6.3 (1 constraints: 601622e8)
org.jetbrains.kotlinx:kotlinx-serialization-json:1.6.3 (1 constraints: 80162ef6)
org.jetbrains.kotlinx:kotlinx-serialization-json-jvm:1.6.3 (1 constraints: e614798a)
org.jsoup:jsoup:1.16.1 (1 constraints: 7515d3b4)
org.jvnet.staxex:stax-ex:1.8 (1 constraints: 600d701a)
org.slf4j:slf4j-api:2.0.7 (1 constraints: 85133c43)
org.tukaani:xz:1.9 (1 constraints: 28136f1c)

[Test dependencies]
cglib:cglib-nodep:3.2.2 (1 constraints: 490ded24)
com.netflix.nebula:nebula-test:10.6.1 (1 constraints: 3a053a3b)
com.palantir.gradle.plugintesting:plugin-testing-core:0.4.0 (1 constraints: 0605f735)
junit:junit:4.13.2 (1 constraints: 1b0e1d4c)
org.apiguardian:apiguardian-api:1.1.2 (2 constraints: 5523ed36)
org.codehaus.groovy:groovy:3.0.12 (2 constraints: 781b1f9d)
org.hamcrest:hamcrest:2.2 (1 constraints: d20cdc04)
org.hamcrest:hamcrest-core:1.3 (1 constraints: cc05fe3f)
org.junit.platform:junit-platform-commons:1.9.0 (1 constraints: 6e11a0d9)
org.junit.platform:junit-platform-engine:1.9.0 (1 constraints: 360d1c1f)
org.objenesis:objenesis:2.4 (1 constraints: ea0c8c0a)
org.opentest4j:opentest4j:1.2.0 (1 constraints: 67118bd9)
org.rauschig:jarchivelib:1.1.0 (1 constraints: 0405f335)
org.spockframework:spock-core:2.3-groovy-3.0 (2 constraints: 922109a6)
org.spockframework:spock-junit4:2.3-groovy-3.0 (1 constraints: 7a1000b0)
